
Microsoft Visual Studio Solution File, Format Version 12.00
# Visual Studio Version 17
VisualStudioVersion = 17.4.33122.133
MinimumVisualStudioVersion = 10.0.40219.1
Project("{FAE04EC0-301F-11D3-BF4B-00C04F79EFBC}") = "hangfire-demo", "hangfire-demo\hangfire-demo.csproj", "{405D3CCE-E53E-4754-9461-385B2CA5F2DD}"
EndProject
Global
	GlobalSection(SolutionConfigurationPlatforms) = preSolution
		Debug|Any CPU = Debug|Any CPU
		Release|Any CPU = Release|Any CPU
	EndGlobalSection
	GlobalSection(ProjectConfigurationPlatforms) = postSolution
		{405D3CCE-E53E-4754-9461-385B2CA5F2DD}.Debug|Any CPU.ActiveCfg = Debug|Any CPU
		{405D3CCE-E53E-4754-9461-385B2CA5F2DD}.Debug|Any CPU.Build.0 = Debug|Any CPU
		{405D3CCE-E53E-4754-9461-385B2CA5F2DD}.Release|Any CPU.ActiveCfg = Release|Any CPU
		{405D3CCE-E53E-4754-9461-385B2CA5F2DD}.Release|Any CPU.Build.0 = Release|Any CPU
	EndGlobalSection
	GlobalSection(SolutionProperties) = preSolution
		HideSolutionNode = FALSE
	EndGlobalSection
	GlobalSection(ExtensibilityGlobals) = postSolution
		SolutionGuid = {C5721D49-794D-4E57-826D-E7D215C9DF87}
	EndGlobalSection
EndGlobal
